{
  "version": 4,
  "terraform_version": "1.0.11",
  "serial": 46,
  "lineage": "c3609d61-0261-5766-918e-dda0ee1d2301",
  "outputs": {},
  "resources": [
    {
      "module": "module.aws_vpc",
      "mode": "managed",
      "type": "aws_vpc",
      "name": "this",
      "provider": "provider[\"registry.terraform.io/hashicorp/aws\"]",
      "instances": [
        {
          "index_key": 0,
          "schema_version": 1,
          "attributes": {
            "arn": "arn:aws:ec2:us-east-2:408732161692:vpc/vpc-053fe1091bd0481c5",
            "assign_generated_ipv6_cidr_block": false,
            "cidr_block": "10.1.0.0/16",
            "default_network_acl_id": "acl-04f7f4179485d2d9d",
            "default_route_table_id": "rtb-04e5b0057a97f50ab",
            "default_security_group_id": "sg-09df8658c8d1e14fc",
            "dhcp_options_id": "dopt-0716489daa646604c",
            "enable_classiclink": false,
            "enable_classiclink_dns_support": false,
            "enable_dns_hostnames": true,
            "enable_dns_support": true,
            "id": "vpc-053fe1091bd0481c5",
            "instance_tenancy": "default",
            "ipv4_ipam_pool_id": null,
            "ipv4_netmask_length": null,
            "ipv6_association_id": "",
            "ipv6_cidr_block": "",
            "ipv6_cidr_block_network_border_group": "",
            "ipv6_ipam_pool_id": "",
            "ipv6_netmask_length": 0,
            "main_route_table_id": "rtb-04e5b0057a97f50ab",
            "owner_id": "408732161692",
            "tags": {
              "Name": "aws-preprod-test-vpc"
            },
            "tags_all": {
              "Name": "aws-preprod-test-vpc"
            }
          },
          "sensitive_attributes": [],
          "private": "eyJzY2hlbWFfdmVyc2lvbiI6IjEifQ=="
        }
      ]
    }
  ]
}
